
Microsoft Visual Studio Solution File, Format Version 12.00
# Visual Studio Version 17
VisualStudioVersion = 17.3.32929.385
MinimumVisualStudioVersion = 10.0.40219.1
Project("{FAE04EC0-301F-11D3-BF4B-00C04F79EFBC}") = "cereales", "cereales\cereales.csproj", "{45B9C47B-AC1E-4C99-A64E-6A339D8EBA5B}"
EndProject
Global
	GlobalSection(SolutionConfigurationPlatforms) = preSolution
		Debug|Any CPU = Debug|Any CPU
		Release|Any CPU = Release|Any CPU
	EndGlobalSection
	GlobalSection(ProjectConfigurationPlatforms) = postSolution
		{45B9C47B-AC1E-4C99-A64E-6A339D8EBA5B}.Debug|Any CPU.ActiveCfg = Debug|Any CPU
		{45B9C47B-AC1E-4C99-A64E-6A339D8EBA5B}.Debug|Any CPU.Build.0 = Debug|Any CPU
		{45B9C47B-AC1E-4C99-A64E-6A339D8EBA5B}.Release|Any CPU.ActiveCfg = Release|Any CPU
		{45B9C47B-AC1E-4C99-A64E-6A339D8EBA5B}.Release|Any CPU.Build.0 = Release|Any CPU
	EndGlobalSection
	GlobalSection(SolutionProperties) = preSolution
		HideSolutionNode = FALSE
	EndGlobalSection
	GlobalSection(ExtensibilityGlobals) = postSolution
		SolutionGuid = {3A3C36F3-8A66-40B2-85DF-3BE93111C61D}
	EndGlobalSection
EndGlobal
